{
  "name": "gateway",
  "version": "1.0.0",
  "lockfileVersion": 2,
  "requires": true,
  "packages": {
    "": {
      "name": "gateway",
      "version": "1.0.0",
      "license": "ISC",
      "dependencies": {
        "microservice-proxy": "^1.3.0"
      }
    },
    "node_modules/@servie/events": {
      "version": "1.0.0",
      "resolved": "https://registry.npmjs.org/@servie/events/-/events-1.0.0.tgz",
      "integrity": "sha512-sBSO19KzdrJCM3gdx6eIxV8M9Gxfgg6iDQmH5TIAGaUu+X9VDdsINXJOnoiZ1Kx3TrHdH4bt5UVglkjsEGBcvw=="
    },
    "node_modules/@types/escape-html": {
      "version": "0.0.20",
      "resolved": "https://registry.npmjs.org/@types/escape-html/-/escape-html-0.0.20.tgz",
      "integrity": "sha512-6dhZJLbA7aOwkYB2GDGdIqJ20wmHnkDzaxV9PJXe7O02I2dSFTERzRB6JrX6cWKaS+VqhhY7cQUMCbO5kloFUw=="
    },
    "node_modules/@types/negotiator": {
      "version": "0.6.1",
      "resolved": "https://registry.npmjs.org/@types/negotiator/-/negotiator-0.6.1.tgz",
      "integrity": "sha512-c4mvXFByghezQ/eVGN5HvH/jI63vm3B7FiE81BUzDAWmuiohRecCO6ddU60dfq29oKUMiQujsoB2h0JQC7JHKA=="
    },
    "node_modules/@types/node": {
      "version": "17.0.42",
      "resolved": "https://registry.npmjs.org/@types/node/-/node-17.0.42.tgz",
      "integrity": "sha512-Q5BPGyGKcvQgAMbsr7qEGN/kIPN6zZecYYABeTDBizOsau+2NMdSVTar9UQw21A2+JyA2KRNDYaYrPB0Rpk2oQ=="
    },
    "node_modules/@types/pump": {
      "version": "1.1.1",
      "resolved": "https://registry.npmjs.org/@types/pump/-/pump-1.1.1.tgz",
      "integrity": "sha512-wpRerjHDxFBQ4r8XNv3xHJZeuqrBBoeQ/fhgkooV2F7KsPIYRROb/+f9ODgZfOEyO5/w2ej4YQdpPPXipT8DAA==",
      "dependencies": {
        "@types/node": "*"
      }
    },
    "node_modules/arg": {
      "version": "4.1.3",
      "resolved": "https://registry.npmjs.org/arg/-/arg-4.1.3.tgz",
      "integrity": "sha512-58S9QDqG0Xx27YwPSt9fJxivjYl432YCwfDMfZ+71RAqUrZef7LrKQZ3LHLOwCS4FLNBplP533Zx895SeOCHvA=="
    },
    "node_modules/byte-length": {
      "version": "1.0.2",
      "resolved": "https://registry.npmjs.org/byte-length/-/byte-length-1.0.2.tgz",
      "integrity": "sha512-ovBpjmsgd/teRmgcPh23d4gJvxDoXtAzEL9xTfMU8Yc2kqCDb7L9jAG0XHl1nzuGl+h3ebCIF1i62UFyA9V/2Q=="
    },
    "node_modules/end-of-stream": {
      "version": "1.4.4",
      "resolved": "https://registry.npmjs.org/end-of-stream/-/end-of-stream-1.4.4.tgz",
      "integrity": "sha512-+uw1inIHVPQoaVuHzRyXd21icM+cnt4CzD5rW+NC1wjOUSTOs+Te7FOv7AhN7vS9x/oIyhLP5PR1H+phQAHu5Q==",
      "dependencies": {
        "once": "^1.4.0"
      }
    },
    "node_modules/escape-html": {
      "version": "1.0.3",
      "resolved": "https://registry.npmjs.org/escape-html/-/escape-html-1.0.3.tgz",
      "integrity": "sha512-NiSupZ4OeuGwr68lGIeym/ksIZMJodUGOSCZ/FSnTxcrekbvqrgdUxlJOMpijaKZVjAJrWrGs/6Jy8OMuyj9ow=="
    },
    "node_modules/make-error": {
      "version": "1.3.6",
      "resolved": "https://registry.npmjs.org/make-error/-/make-error-1.3.6.tgz",
      "integrity": "sha512-s8UhlNe7vPKomQhC1qFelMokr/Sc3AgNbso3n74mVPA5LTZwkB9NlXf4XPamLxJE8h0gh73rM94xvwRT2CVInw=="
    },
    "node_modules/make-error-cause": {
      "version": "2.3.0",
      "resolved": "https://registry.npmjs.org/make-error-cause/-/make-error-cause-2.3.0.tgz",
      "integrity": "sha512-etgt+n4LlOkGSJbBTV9VROHA5R7ekIPS4vfh+bCAoJgRrJWdqJCBbpS3osRJ/HrT7R68MzMiY3L3sDJ/Fd8aBg==",
      "dependencies": {
        "make-error": "^1.3.5"
      }
    },
    "node_modules/microservice-proxy": {
      "version": "1.3.0",
      "resolved": "https://registry.npmjs.org/microservice-proxy/-/microservice-proxy-1.3.0.tgz",
      "integrity": "sha512-eF9aJ5i3Yvng5GK1V0ew7yYsWcujdwQiO1O5chk1XJKn+ErM8y+4a0avOt9d5dJVumIZ0svZs/s7AYqikq4a/g==",
      "dependencies": {
        "arg": "^4.1.0",
        "path-to-regexp": "^5.0.0",
        "popsicle-transport-http": "^1.0.2",
        "servie": "^4.2.1",
        "servie-http": "^2.0.1",
        "servie-url": "^1.0.1"
      },
      "bin": {
        "microservice-proxy": "dist/bin.js"
      }
    },
    "node_modules/negotiator": {
      "version": "0.6.3",
      "resolved": "https://registry.npmjs.org/negotiator/-/negotiator-0.6.3.tgz",
      "integrity": "sha512-+EUsqGPLsM+j/zdChZjsnX51g4XrHFOIXwfnCVPGlQk/k5giakcKsuxCObBRu6DSm9opw/O6slWbJdghQM4bBg==",
      "engines": {
        "node": ">= 0.6"
      }
    },
    "node_modules/once": {
      "version": "1.4.0",
      "resolved": "https://registry.npmjs.org/once/-/once-1.4.0.tgz",
      "integrity": "sha512-lNaJgI+2Q5URQBkccEKHTQOPaXdUxnZZElQTZY0MFUAuaEqe1E+Nyvgdz/aIyNi6Z9MzO5dv1H8n58/GELp3+w==",
      "dependencies": {
        "wrappy": "1"
      }
    },
    "node_modules/path-to-regexp": {
      "version": "5.0.0",
      "resolved": "https://registry.npmjs.org/path-to-regexp/-/path-to-regexp-5.0.0.tgz",
      "integrity": "sha512-VOQVA+0mivusQfaveeWlrW7ddXKuStHMTdovn/1epf7cEpUL4dpzGl7eq8ho96H9w90/q66yJLsqn84jSCfkmQ=="
    },
    "node_modules/popsicle-transport-http": {
      "version": "1.2.1",
      "resolved": "https://registry.npmjs.org/popsicle-transport-http/-/popsicle-transport-http-1.2.1.tgz",
      "integrity": "sha512-i5r3IGHkGiBDm1oPFvOfEeSGWR0lQJcsdTqwvvDjXqcTHYJJi4iSi3ecXIttDiTBoBtRAFAE9nF91fspQr63FQ==",
      "dependencies": {
        "make-error-cause": "^2.2.0"
      },
      "peerDependencies": {
        "servie": "^4.2.0"
      }
    },
    "node_modules/pump": {
      "version": "3.0.0",
      "resolved": "https://registry.npmjs.org/pump/-/pump-3.0.0.tgz",
      "integrity": "sha512-LwZy+p3SFs1Pytd/jYct4wpv49HiYCqd9Rlc5ZVdk0V+8Yzv6jR5Blk3TRmPL1ft69TxP0IMZGJ+WPFU2BFhww==",
      "dependencies": {
        "end-of-stream": "^1.1.0",
        "once": "^1.3.1"
      }
    },
    "node_modules/servie": {
      "version": "4.3.3",
      "resolved": "https://registry.npmjs.org/servie/-/servie-4.3.3.tgz",
      "integrity": "sha512-b0IrY3b1gVMsWvJppCf19g1p3JSnS0hQi6xu4Hi40CIhf0Lx8pQHcvBL+xunShpmOiQzg1NOia812NAWdSaShw==",
      "dependencies": {
        "@servie/events": "^1.0.0",
        "byte-length": "^1.0.2",
        "ts-expect": "^1.1.0"
      }
    },
    "node_modules/servie-errorhandler": {
      "version": "2.0.2",
      "resolved": "https://registry.npmjs.org/servie-errorhandler/-/servie-errorhandler-2.0.2.tgz",
      "integrity": "sha512-jdAFTM96LqAISbrR23sUemqSPv9HYa/FT61I+Nl6RYUYlXAR/R0Tvd/cWjVd6S+LCD9q7CWM7ZDd9cgYNsNmCQ==",
      "dependencies": {
        "@types/escape-html": "0.0.20",
        "@types/negotiator": "^0.6.1",
        "escape-html": "^1.0.3",
        "negotiator": "^0.6.1",
        "servie-send": "^2.0.0"
      },
      "peerDependencies": {
        "servie": "^4.0.0"
      }
    },
    "node_modules/servie-finalhandler": {
      "version": "2.0.0",
      "resolved": "https://registry.npmjs.org/servie-finalhandler/-/servie-finalhandler-2.0.0.tgz",
      "integrity": "sha512-W09m9EWr3JQpulh2zQg8jkL7TjWhNwObsOSH3EgW7v0gq5j2qiWk1FNJiEA4eaKA/u1VinnS1rAIgjtk+OQ2Hw==",
      "peerDependencies": {
        "servie": "^4.0.0"
      }
    },
    "node_modules/servie-http": {
      "version": "2.0.1",
      "resolved": "https://registry.npmjs.org/servie-http/-/servie-http-2.0.1.tgz",
      "integrity": "sha512-Y4TwXxMtySsFA214no2HFpjWl0YZobksaBvzhAIdsH6iLLRKh+KyCmShvyU3r4V+yyoAiJ0tmkdCOH1KrEAF9Q==",
      "dependencies": {
        "@types/pump": "^1.0.1",
        "arg": "^4.1.0",
        "pump": "^3.0.0",
        "servie-errorhandler": "^2.0.0",
        "servie-finalhandler": "^2.0.0"
      },
      "bin": {
        "servie-http": "dist/bin.js"
      },
      "peerDependencies": {
        "servie": "^4.2.0"
      }
    },
    "node_modules/servie-send": {
      "version": "2.0.0",
      "resolved": "https://registry.npmjs.org/servie-send/-/servie-send-2.0.0.tgz",
      "integrity": "sha512-SdC8lRRxFV8R0kIqJOP+zHgPZxMu5JLodVvuiCISXjxVPwUOjQ2OJDnfIFlKVX9itBecrxLKtDce8S7svyftLQ==",
      "peerDependencies": {
        "servie": "^4.0.0"
      }
    },
    "node_modules/servie-url": {
      "version": "1.0.1",
      "resolved": "https://registry.npmjs.org/servie-url/-/servie-url-1.0.1.tgz",
      "integrity": "sha512-t0myyU6lzc91aE6qaQXLC6z9aCNDM0YHQnaaPcPARWg8Dm0opBYRqpuHeRqdgiIGGpXGt7N9C4UDZXrduB/ubQ==",
      "peerDependencies": {
        "servie": "<=5"
      }
    },
    "node_modules/ts-expect": {
      "version": "1.3.0",
      "resolved": "https://registry.npmjs.org/ts-expect/-/ts-expect-1.3.0.tgz",
      "integrity": "sha512-e4g0EJtAjk64xgnFPD6kTBUtpnMVzDrMb12N1YZV0VvSlhnVT3SGxiYTLdGy8Q5cYHOIC/FAHmZ10eGrAguicQ=="
    },
    "node_modules/wrappy": {
      "version": "1.0.2",
      "resolved": "https://registry.npmjs.org/wrappy/-/wrappy-1.0.2.tgz",
      "integrity": "sha1-tSQ9jz7BqjXxNkYFvA0QNuMKtp8="
    }
  },
  "dependencies": {
    "@servie/events": {
      "version": "1.0.0",
      "resolved": "https://registry.npmjs.org/@servie/events/-/events-1.0.0.tgz",
      "integrity": "sha512-sBSO19KzdrJCM3gdx6eIxV8M9Gxfgg6iDQmH5TIAGaUu+X9VDdsINXJOnoiZ1Kx3TrHdH4bt5UVglkjsEGBcvw=="
    },
    "@types/escape-html": {
      "version": "0.0.20",
      "resolved": "https://registry.npmjs.org/@types/escape-html/-/escape-html-0.0.20.tgz",
      "integrity": "sha512-6dhZJLbA7aOwkYB2GDGdIqJ20wmHnkDzaxV9PJXe7O02I2dSFTERzRB6JrX6cWKaS+VqhhY7cQUMCbO5kloFUw=="
    },
    "@types/negotiator": {
      "version": "0.6.1",
      "resolved": "https://registry.npmjs.org/@types/negotiator/-/negotiator-0.6.1.tgz",
      "integrity": "sha512-c4mvXFByghezQ/eVGN5HvH/jI63vm3B7FiE81BUzDAWmuiohRecCO6ddU60dfq29oKUMiQujsoB2h0JQC7JHKA=="
    },
    "@types/node": {
      "version": "17.0.42",
      "resolved": "https://registry.npmjs.org/@types/node/-/node-17.0.42.tgz",
      "integrity": "sha512-Q5BPGyGKcvQgAMbsr7qEGN/kIPN6zZecYYABeTDBizOsau+2NMdSVTar9UQw21A2+JyA2KRNDYaYrPB0Rpk2oQ=="
    },
    "@types/pump": {
      "version": "1.1.1",
      "resolved": "https://registry.npmjs.org/@types/pump/-/pump-1.1.1.tgz",
      "integrity": "sha512-wpRerjHDxFBQ4r8XNv3xHJZeuqrBBoeQ/fhgkooV2F7KsPIYRROb/+f9ODgZfOEyO5/w2ej4YQdpPPXipT8DAA==",
      "requires": {
        "@types/node": "*"
      }
    },
    "arg": {
      "version": "4.1.3",
      "resolved": "https://registry.npmjs.org/arg/-/arg-4.1.3.tgz",
      "integrity": "sha512-58S9QDqG0Xx27YwPSt9fJxivjYl432YCwfDMfZ+71RAqUrZef7LrKQZ3LHLOwCS4FLNBplP533Zx895SeOCHvA=="
    },
    "byte-length": {
      "version": "1.0.2",
      "resolved": "https://registry.npmjs.org/byte-length/-/byte-length-1.0.2.tgz",
      "integrity": "sha512-ovBpjmsgd/teRmgcPh23d4gJvxDoXtAzEL9xTfMU8Yc2kqCDb7L9jAG0XHl1nzuGl+h3ebCIF1i62UFyA9V/2Q=="
    },
    "end-of-stream": {
      "version": "1.4.4",
      "resolved": "https://registry.npmjs.org/end-of-stream/-/end-of-stream-1.4.4.tgz",
      "integrity": "sha512-+uw1inIHVPQoaVuHzRyXd21icM+cnt4CzD5rW+NC1wjOUSTOs+Te7FOv7AhN7vS9x/oIyhLP5PR1H+phQAHu5Q==",
      "requires": {
        "once": "^1.4.0"
      }
    },
    "escape-html": {
      "version": "1.0.3",
      "resolved": "https://registry.npmjs.org/escape-html/-/escape-html-1.0.3.tgz",
      "integrity": "sha512-NiSupZ4OeuGwr68lGIeym/ksIZMJodUGOSCZ/FSnTxcrekbvqrgdUxlJOMpijaKZVjAJrWrGs/6Jy8OMuyj9ow=="
    },
    "make-error": {
      "version": "1.3.6",
      "resolved": "https://registry.npmjs.org/make-error/-/make-error-1.3.6.tgz",
      "integrity": "sha512-s8UhlNe7vPKomQhC1qFelMokr/Sc3AgNbso3n74mVPA5LTZwkB9NlXf4XPamLxJE8h0gh73rM94xvwRT2CVInw=="
    },
    "make-error-cause": {
      "version": "2.3.0",
      "resolved": "https://registry.npmjs.org/make-error-cause/-/make-error-cause-2.3.0.tgz",
      "integrity": "sha512-etgt+n4LlOkGSJbBTV9VROHA5R7ekIPS4vfh+bCAoJgRrJWdqJCBbpS3osRJ/HrT7R68MzMiY3L3sDJ/Fd8aBg==",
      "requires": {
        "make-error": "^1.3.5"
      }
    },
    "microservice-proxy": {
      "version": "1.3.0",
      "resolved": "https://registry.npmjs.org/microservice-proxy/-/microservice-proxy-1.3.0.tgz",
      "integrity": "sha512-eF9aJ5i3Yvng5GK1V0ew7yYsWcujdwQiO1O5chk1XJKn+ErM8y+4a0avOt9d5dJVumIZ0svZs/s7AYqikq4a/g==",
      "requires": {
        "arg": "^4.1.0",
        "path-to-regexp": "^5.0.0",
        "popsicle-transport-http": "^1.0.2",
        "servie": "^4.2.1",
        "servie-http": "^2.0.1",
        "servie-url": "^1.0.1"
      }
    },
    "negotiator": {
      "version": "0.6.3",
      "resolved": "https://registry.npmjs.org/negotiator/-/negotiator-0.6.3.tgz",
      "integrity": "sha512-+EUsqGPLsM+j/zdChZjsnX51g4XrHFOIXwfnCVPGlQk/k5giakcKsuxCObBRu6DSm9opw/O6slWbJdghQM4bBg=="
    },
    "once": {
      "version": "1.4.0",
      "resolved": "https://registry.npmjs.org/once/-/once-1.4.0.tgz",
      "integrity": "sha512-lNaJgI+2Q5URQBkccEKHTQOPaXdUxnZZElQTZY0MFUAuaEqe1E+Nyvgdz/aIyNi6Z9MzO5dv1H8n58/GELp3+w==",
      "requires": {
        "wrappy": "1"
      }
    },
    "path-to-regexp": {
      "version": "5.0.0",
      "resolved": "https://registry.npmjs.org/path-to-regexp/-/path-to-regexp-5.0.0.tgz",
      "integrity": "sha512-VOQVA+0mivusQfaveeWlrW7ddXKuStHMTdovn/1epf7cEpUL4dpzGl7eq8ho96H9w90/q66yJLsqn84jSCfkmQ=="
    },
    "popsicle-transport-http": {
      "version": "1.2.1",
      "resolved": "https://registry.npmjs.org/popsicle-transport-http/-/popsicle-transport-http-1.2.1.tgz",
      "integrity": "sha512-i5r3IGHkGiBDm1oPFvOfEeSGWR0lQJcsdTqwvvDjXqcTHYJJi4iSi3ecXIttDiTBoBtRAFAE9nF91fspQr63FQ==",
      "requires": {
        "make-error-cause": "^2.2.0"
      }
    },
    "pump": {
      "version": "3.0.0",
      "resolved": "https://registry.npmjs.org/pump/-/pump-3.0.0.tgz",
      "integrity": "sha512-LwZy+p3SFs1Pytd/jYct4wpv49HiYCqd9Rlc5ZVdk0V+8Yzv6jR5Blk3TRmPL1ft69TxP0IMZGJ+WPFU2BFhww==",
      "requires": {
        "end-of-stream": "^1.1.0",
        "once": "^1.3.1"
      }
    },
    "servie": {
      "version": "4.3.3",
      "resolved": "https://registry.npmjs.org/servie/-/servie-4.3.3.tgz",
      "integrity": "sha512-b0IrY3b1gVMsWvJppCf19g1p3JSnS0hQi6xu4Hi40CIhf0Lx8pQHcvBL+xunShpmOiQzg1NOia812NAWdSaShw==",
      "requires": {
        "@servie/events": "^1.0.0",
        "byte-length": "^1.0.2",
        "ts-expect": "^1.1.0"
      }
    },
    "servie-errorhandler": {
      "version": "2.0.2",
      "resolved": "https://registry.npmjs.org/servie-errorhandler/-/servie-errorhandler-2.0.2.tgz",
      "integrity": "sha512-jdAFTM96LqAISbrR23sUemqSPv9HYa/FT61I+Nl6RYUYlXAR/R0Tvd/cWjVd6S+LCD9q7CWM7ZDd9cgYNsNmCQ==",
      "requires": {
        "@types/escape-html": "0.0.20",
        "@types/negotiator": "^0.6.1",
        "escape-html": "^1.0.3",
        "negotiator": "^0.6.1",
        "servie-send": "^2.0.0"
      }
    },
    "servie-finalhandler": {
      "version": "2.0.0",
      "resolved": "https://registry.npmjs.org/servie-finalhandler/-/servie-finalhandler-2.0.0.tgz",
      "integrity": "sha512-W09m9EWr3JQpulh2zQg8jkL7TjWhNwObsOSH3EgW7v0gq5j2qiWk1FNJiEA4eaKA/u1VinnS1rAIgjtk+OQ2Hw==",
      "requires": {}
    },
    "servie-http": {
      "version": "2.0.1",
      "resolved": "https://registry.npmjs.org/servie-http/-/servie-http-2.0.1.tgz",
      "integrity": "sha512-Y4TwXxMtySsFA214no2HFpjWl0YZobksaBvzhAIdsH6iLLRKh+KyCmShvyU3r4V+yyoAiJ0tmkdCOH1KrEAF9Q==",
      "requires": {
        "@types/pump": "^1.0.1",
        "arg": "^4.1.0",
        "pump": "^3.0.0",
        "servie-errorhandler": "^2.0.0",
        "servie-finalhandler": "^2.0.0"
      }
    },
    "servie-send": {
      "version": "2.0.0",
      "resolved": "https://registry.npmjs.org/servie-send/-/servie-send-2.0.0.tgz",
      "integrity": "sha512-SdC8lRRxFV8R0kIqJOP+zHgPZxMu5JLodVvuiCISXjxVPwUOjQ2OJDnfIFlKVX9itBecrxLKtDce8S7svyftLQ==",
      "requires": {}
    },
    "servie-url": {
      "version": "1.0.1",
      "resolved": "https://registry.npmjs.org/servie-url/-/servie-url-1.0.1.tgz",
      "integrity": "sha512-t0myyU6lzc91aE6qaQXLC6z9aCNDM0YHQnaaPcPARWg8Dm0opBYRqpuHeRqdgiIGGpXGt7N9C4UDZXrduB/ubQ==",
      "requires": {}
    },
    "ts-expect": {
      "version": "1.3.0",
      "resolved": "https://registry.npmjs.org/ts-expect/-/ts-expect-1.3.0.tgz",
      "integrity": "sha512-e4g0EJtAjk64xgnFPD6kTBUtpnMVzDrMb12N1YZV0VvSlhnVT3SGxiYTLdGy8Q5cYHOIC/FAHmZ10eGrAguicQ=="
    },
    "wrappy": {
      "version": "1.0.2",
      "resolved": "https://registry.npmjs.org/wrappy/-/wrappy-1.0.2.tgz",
      "integrity": "sha1-tSQ9jz7BqjXxNkYFvA0QNuMKtp8="
    }
  }
}
